
Microsoft Visual Studio Solution File, Format Version 12.00
# Visual Studio 15
VisualStudioVersion = 15.0.26124.0
MinimumVisualStudioVersion = 15.0.26124.0
Project("{FAE04EC0-301F-11D3-BF4B-00C04F79EFBC}") = "l2l.Data", "l2l.Data\l2l.Data.csproj", "{FC4A42B8-EE35-4291-8A5E-EAB731DE262C}"
EndProject
Project("{FAE04EC0-301F-11D3-BF4B-00C04F79EFBC}") = "l2l.Data.Tests", "l2l.Data.Tests\l2l.Data.Tests.csproj", "{FF773860-2D07-40A1-90DD-411FC77C8A57}"
EndProject
Global
	GlobalSection(SolutionConfigurationPlatforms) = preSolution
		Debug|Any CPU = Debug|Any CPU
		Debug|x64 = Debug|x64
		Debug|x86 = Debug|x86
		Release|Any CPU = Release|Any CPU
		Release|x64 = Release|x64
		Release|x86 = Release|x86
	EndGlobalSection
	GlobalSection(SolutionProperties) = preSolution
		HideSolutionNode = FALSE
	EndGlobalSection
	GlobalSection(ProjectConfigurationPlatforms) = postSolution
		{FC4A42B8-EE35-4291-8A5E-EAB731DE262C}.Debug|Any CPU.ActiveCfg = Debug|Any CPU
		{FC4A42B8-EE35-4291-8A5E-EAB731DE262C}.Debug|Any CPU.Build.0 = Debug|Any CPU
		{FC4A42B8-EE35-4291-8A5E-EAB731DE262C}.Debug|x64.ActiveCfg = Debug|Any CPU
		{FC4A42B8-EE35-4291-8A5E-EAB731DE262C}.Debug|x64.Build.0 = Debug|Any CPU
		{FC4A42B8-EE35-4291-8A5E-EAB731DE262C}.Debug|x86.ActiveCfg = Debug|Any CPU
		{FC4A42B8-EE35-4291-8A5E-EAB731DE262C}.Debug|x86.Build.0 = Debug|Any CPU
		{FC4A42B8-EE35-4291-8A5E-EAB731DE262C}.Release|Any CPU.ActiveCfg = Release|Any CPU
		{FC4A42B8-EE35-4291-8A5E-EAB731DE262C}.Release|Any CPU.Build.0 = Release|Any CPU
		{FC4A42B8-EE35-4291-8A5E-EAB731DE262C}.Release|x64.ActiveCfg = Release|Any CPU
		{FC4A42B8-EE35-4291-8A5E-EAB731DE262C}.Release|x64.Build.0 = Release|Any CPU
		{FC4A42B8-EE35-4291-8A5E-EAB731DE262C}.Release|x86.ActiveCfg = Release|Any CPU
		{FC4A42B8-EE35-4291-8A5E-EAB731DE262C}.Release|x86.Build.0 = Release|Any CPU
		{FF773860-2D07-40A1-90DD-411FC77C8A57}.Debug|Any CPU.ActiveCfg = Debug|Any CPU
		{FF773860-2D07-40A1-90DD-411FC77C8A57}.Debug|Any CPU.Build.0 = Debug|Any CPU
		{FF773860-2D07-40A1-90DD-411FC77C8A57}.Debug|x64.ActiveCfg = Debug|Any CPU
		{FF773860-2D07-40A1-90DD-411FC77C8A57}.Debug|x64.Build.0 = Debug|Any CPU
		{FF773860-2D07-40A1-90DD-411FC77C8A57}.Debug|x86.ActiveCfg = Debug|Any CPU
		{FF773860-2D07-40A1-90DD-411FC77C8A57}.Debug|x86.Build.0 = Debug|Any CPU
		{FF773860-2D07-40A1-90DD-411FC77C8A57}.Release|Any CPU.ActiveCfg = Release|Any CPU
		{FF773860-2D07-40A1-90DD-411FC77C8A57}.Release|Any CPU.Build.0 = Release|Any CPU
		{FF773860-2D07-40A1-90DD-411FC77C8A57}.Release|x64.ActiveCfg = Release|Any CPU
		{FF773860-2D07-40A1-90DD-411FC77C8A57}.Release|x64.Build.0 = Release|Any CPU
		{FF773860-2D07-40A1-90DD-411FC77C8A57}.Release|x86.ActiveCfg = Release|Any CPU
		{FF773860-2D07-40A1-90DD-411FC77C8A57}.Release|x86.Build.0 = Release|Any CPU
	EndGlobalSection
EndGlobal
